
Microsoft Visual Studio Solution File, Format Version 12.00
# Visual Studio Version 17
VisualStudioVersion = 17.10.35122.118
MinimumVisualStudioVersion = 10.0.40219.1
Project("{FAE04EC0-301F-11D3-BF4B-00C04F79EFBC}") = "tank", "tank\tank.csproj", "{10BCB1A4-79C0-4F8E-B1D6-17C17943E247}"
EndProject
Global
	GlobalSection(SolutionConfigurationPlatforms) = preSolution
		Debug|Any CPU = Debug|Any CPU
		Release|Any CPU = Release|Any CPU
	EndGlobalSection
	GlobalSection(ProjectConfigurationPlatforms) = postSolution
		{10BCB1A4-79C0-4F8E-B1D6-17C17943E247}.Debug|Any CPU.ActiveCfg = Debug|Any CPU
		{10BCB1A4-79C0-4F8E-B1D6-17C17943E247}.Debug|Any CPU.Build.0 = Debug|Any CPU
		{10BCB1A4-79C0-4F8E-B1D6-17C17943E247}.Release|Any CPU.ActiveCfg = Release|Any CPU
		{10BCB1A4-79C0-4F8E-B1D6-17C17943E247}.Release|Any CPU.Build.0 = Release|Any CPU
	EndGlobalSection
	GlobalSection(SolutionProperties) = preSolution
		HideSolutionNode = FALSE
	EndGlobalSection
	GlobalSection(ExtensibilityGlobals) = postSolution
		SolutionGuid = {E2112D46-3171-4D36-8E5A-D1D60CD028AF}
	EndGlobalSection
EndGlobal
